
Microsoft Visual Studio Solution File, Format Version 12.00
# Visual Studio Version 16
VisualStudioVersion = 16.0.31205.134
MinimumVisualStudioVersion = 10.0.40219.1
Project("{FAE04EC0-301F-11D3-BF4B-00C04F79EFBC}") = "1 DBFirstWPF", "1 DBFirstWPF\1 DBFirstWPF.csproj", "{17C8D836-8D26-4C09-9F7D-47AA4B1FAFDF}"
EndProject
Project("{FAE04EC0-301F-11D3-BF4B-00C04F79EFBC}") = "2 ModelFirstWPF", "2 ModelFirstWPF\2 ModelFirstWPF.csproj", "{ABB7C9CC-0FF2-432E-A042-878D750CD016}"
EndProject
Project("{FAE04EC0-301F-11D3-BF4B-00C04F79EFBC}") = "3 CodeFirst1toN", "3 CodeFirst1toN\3 CodeFirst1toN.csproj", "{C77A5015-C811-4A35-A7F1-76C2400D5C6C}"
EndProject
Project("{FAE04EC0-301F-11D3-BF4B-00C04F79EFBC}") = "4 CodeFirstNtoN", "4 CodeFirstNtoN\4 CodeFirstNtoN.csproj", "{7DB796E0-CED9-4176-8B5E-C8BC050E38C5}"
EndProject
Project("{FAE04EC0-301F-11D3-BF4B-00C04F79EFBC}") = "5 CodeFirst1toNMethods", "5 CodeFirst1toNMethods\5 CodeFirst1toNMethods.csproj", "{CA6E42E1-F0DA-4DA0-ADCA-4CC8D3B46D6E}"
EndProject
Project("{FAE04EC0-301F-11D3-BF4B-00C04F79EFBC}") = "6 CodeFirst1toNOperations", "6 CodeFirst1toNOperations\6 CodeFirst1toNOperations.csproj", "{A7E6590D-6EC6-4B0E-95D9-2EF8D69DAAEB}"
EndProject
Global
	GlobalSection(SolutionConfigurationPlatforms) = preSolution
		Debug|Any CPU = Debug|Any CPU
		Release|Any CPU = Release|Any CPU
	EndGlobalSection
	GlobalSection(ProjectConfigurationPlatforms) = postSolution
		{17C8D836-8D26-4C09-9F7D-47AA4B1FAFDF}.Debug|Any CPU.ActiveCfg = Debug|Any CPU
		{17C8D836-8D26-4C09-9F7D-47AA4B1FAFDF}.Debug|Any CPU.Build.0 = Debug|Any CPU
		{17C8D836-8D26-4C09-9F7D-47AA4B1FAFDF}.Release|Any CPU.ActiveCfg = Release|Any CPU
		{17C8D836-8D26-4C09-9F7D-47AA4B1FAFDF}.Release|Any CPU.Build.0 = Release|Any CPU
		{ABB7C9CC-0FF2-432E-A042-878D750CD016}.Debug|Any CPU.ActiveCfg = Debug|Any CPU
		{ABB7C9CC-0FF2-432E-A042-878D750CD016}.Debug|Any CPU.Build.0 = Debug|Any CPU
		{ABB7C9CC-0FF2-432E-A042-878D750CD016}.Release|Any CPU.ActiveCfg = Release|Any CPU
		{ABB7C9CC-0FF2-432E-A042-878D750CD016}.Release|Any CPU.Build.0 = Release|Any CPU
		{C77A5015-C811-4A35-A7F1-76C2400D5C6C}.Debug|Any CPU.ActiveCfg = Debug|Any CPU
		{C77A5015-C811-4A35-A7F1-76C2400D5C6C}.Debug|Any CPU.Build.0 = Debug|Any CPU
		{C77A5015-C811-4A35-A7F1-76C2400D5C6C}.Release|Any CPU.ActiveCfg = Release|Any CPU
		{C77A5015-C811-4A35-A7F1-76C2400D5C6C}.Release|Any CPU.Build.0 = Release|Any CPU
		{7DB796E0-CED9-4176-8B5E-C8BC050E38C5}.Debug|Any CPU.ActiveCfg = Debug|Any CPU
		{7DB796E0-CED9-4176-8B5E-C8BC050E38C5}.Debug|Any CPU.Build.0 = Debug|Any CPU
		{7DB796E0-CED9-4176-8B5E-C8BC050E38C5}.Release|Any CPU.ActiveCfg = Release|Any CPU
		{7DB796E0-CED9-4176-8B5E-C8BC050E38C5}.Release|Any CPU.Build.0 = Release|Any CPU
		{CA6E42E1-F0DA-4DA0-ADCA-4CC8D3B46D6E}.Debug|Any CPU.ActiveCfg = Debug|Any CPU
		{CA6E42E1-F0DA-4DA0-ADCA-4CC8D3B46D6E}.Debug|Any CPU.Build.0 = Debug|Any CPU
		{CA6E42E1-F0DA-4DA0-ADCA-4CC8D3B46D6E}.Release|Any CPU.ActiveCfg = Release|Any CPU
		{CA6E42E1-F0DA-4DA0-ADCA-4CC8D3B46D6E}.Release|Any CPU.Build.0 = Release|Any CPU
		{A7E6590D-6EC6-4B0E-95D9-2EF8D69DAAEB}.Debug|Any CPU.ActiveCfg = Debug|Any CPU
		{A7E6590D-6EC6-4B0E-95D9-2EF8D69DAAEB}.Debug|Any CPU.Build.0 = Debug|Any CPU
		{A7E6590D-6EC6-4B0E-95D9-2EF8D69DAAEB}.Release|Any CPU.ActiveCfg = Release|Any CPU
		{A7E6590D-6EC6-4B0E-95D9-2EF8D69DAAEB}.Release|Any CPU.Build.0 = Release|Any CPU
	EndGlobalSection
	GlobalSection(SolutionProperties) = preSolution
		HideSolutionNode = FALSE
	EndGlobalSection
	GlobalSection(ExtensibilityGlobals) = postSolution
		SolutionGuid = {8747F1DF-3A37-48A3-AFF2-9E2F7C5A391C}
	EndGlobalSection
EndGlobal
